// !$*UTF8*$!
{
	archiveVersion = 1;
	classes = {
	};
	objectVersion = 55;
	objects = {

/* Begin PBXBuildFile section */
		E2299C312899C3D90024E5FD /* MomoApp.swift in Sources */ = {isa = PBXBuildFile; fileRef = E2299C302899C3D90024E5FD /* MomoApp.swift */; };
		E2299C332899C3D90024E5FD /* EntryView.swift in Sources */ = {isa = PBXBuildFile; fileRef = E2299C322899C3D90024E5FD /* EntryView.swift */; };
		E2299C352899C3DA0024E5FD /* Assets.xcassets in Resources */ = {isa = PBXBuildFile; fileRef = E2299C342899C3DA0024E5FD /* Assets.xcassets */; };
		E2299C382899C3DA0024E5FD /* Preview Assets.xcassets in Resources */ = {isa = PBXBuildFile; fileRef = E2299C372899C3DA0024E5FD /* Preview Assets.xcassets */; };
		E2299C3A2899C3DA0024E5FD /* Persistence.swift in Sources */ = {isa = PBXBuildFile; fileRef = E2299C392899C3DA0024E5FD /* Persistence.swift */; };
		E2299C3D2899C3DA0024E5FD /* Momo.xcdatamodeld in Sources */ = {isa = PBXBuildFile; fileRef = E2299C3B2899C3DA0024E5FD /* Momo.xcdatamodeld */; };
		E2299C472899C5FF0024E5FD /* HomeView.swift in Sources */ = {isa = PBXBuildFile; fileRef = E2299C462899C5FF0024E5FD /* HomeView.swift */; };
		E2299C492899C62E0024E5FD /* StatisticView.swift in Sources */ = {isa = PBXBuildFile; fileRef = E2299C482899C62E0024E5FD /* StatisticView.swift */; };
		E2299C4B2899C6490024E5FD /* WalletView.swift in Sources */ = {isa = PBXBuildFile; fileRef = E2299C4A2899C6490024E5FD /* WalletView.swift */; };
		E2299C4D2899C6520024E5FD /* ProfileView.swift in Sources */ = {isa = PBXBuildFile; fileRef = E2299C4C2899C6520024E5FD /* ProfileView.swift */; };
		E2299C512899D6940024E5FD /* UIHelper.swift in Sources */ = {isa = PBXBuildFile; fileRef = E2299C502899D6940024E5FD /* UIHelper.swift */; };
		E237637F289B31030023BECB /* TransactionItem.swift in Sources */ = {isa = PBXBuildFile; fileRef = E237637E289B31030023BECB /* TransactionItem.swift */; };
		E2376381289B4CD60023BECB /* Date+Ext.swift in Sources */ = {isa = PBXBuildFile; fileRef = E2376380289B4CD60023BECB /* Date+Ext.swift */; };
		E25FBDDF289AE77F00EDFA39 /* Constants.swift in Sources */ = {isa = PBXBuildFile; fileRef = E25FBDDE289AE77F00EDFA39 /* Constants.swift */; };
		E2D0253B289C5BE800EDC1C7 /* AddTransactionFormView.swift in Sources */ = {isa = PBXBuildFile; fileRef = E2D0253A289C5BE800EDC1C7 /* AddTransactionFormView.swift */; };
		E2D0253D289C5CBE00EDC1C7 /* AddTransactionViewModel.swift in Sources */ = {isa = PBXBuildFile; fileRef = E2D0253C289C5CBE00EDC1C7 /* AddTransactionViewModel.swift */; };
		E2D0253F289C868E00EDC1C7 /* Colors+Ext.swift in Sources */ = {isa = PBXBuildFile; fileRef = E2D0253E289C868E00EDC1C7 /* Colors+Ext.swift */; };
		E2E43F5D289AD74F00E4B37D /* NumberFormatter+Ext.swift in Sources */ = {isa = PBXBuildFile; fileRef = E2E43F5C289AD74F00E4B37D /* NumberFormatter+Ext.swift */; };
/* End PBXBuildFile section */

/* Begin PBXFileReference section */
		E2299C2D2899C3D90024E5FD /* Momo.app */ = {isa = PBXFileReference; explicitFileType = wrapper.application; includeInIndex = 0; path = Momo.app; sourceTree = BUILT_PRODUCTS_DIR; };
		E2299C302899C3D90024E5FD /* MomoApp.swift */ = {isa = PBXFileReference; lastKnownFileType = sourcecode.swift; path = MomoApp.swift; sourceTree = "<group>"; };
		E2299C322899C3D90024E5FD /* EntryView.swift */ = {isa = PBXFileReference; lastKnownFileType = sourcecode.swift; path = EntryView.swift; sourceTree = "<group>"; };
		E2299C342899C3DA0024E5FD /* Assets.xcassets */ = {isa = PBXFileReference; lastKnownFileType = folder.assetcatalog; path = Assets.xcassets; sourceTree = "<group>"; };
		E2299C372899C3DA0024E5FD /* Preview Assets.xcassets */ = {isa = PBXFileReference; lastKnownFileType = folder.assetcatalog; path = "Preview Assets.xcassets"; sourceTree = "<group>"; };
		E2299C392899C3DA0024E5FD /* Persistence.swift */ = {isa = PBXFileReference; lastKnownFileType = sourcecode.swift; path = Persistence.swift; sourceTree = "<group>"; };
		E2299C3C2899C3DA0024E5FD /* Momo.xcdatamodel */ = {isa = PBXFileReference; lastKnownFileType = wrapper.xcdatamodel; path = Momo.xcdatamodel; sourceTree = "<group>"; };
		E2299C462899C5FF0024E5FD /* HomeView.swift */ = {isa = PBXFileReference; lastKnownFileType = sourcecode.swift; path = HomeView.swift; sourceTree = "<group>"; };
		E2299C482899C62E0024E5FD /* StatisticView.swift */ = {isa = PBXFileReference; lastKnownFileType = sourcecode.swift; path = StatisticView.swift; sourceTree = "<group>"; };
		E2299C4A2899C6490024E5FD /* WalletView.swift */ = {isa = PBXFileReference; lastKnownFileType = sourcecode.swift; path = WalletView.swift; sourceTree = "<group>"; };
		E2299C4C2899C6520024E5FD /* ProfileView.swift */ = {isa = PBXFileReference; lastKnownFileType = sourcecode.swift; path = ProfileView.swift; sourceTree = "<group>"; };
		E2299C502899D6940024E5FD /* UIHelper.swift */ = {isa = PBXFileReference; lastKnownFileType = sourcecode.swift; path = UIHelper.swift; sourceTree = "<group>"; };
		E237637E289B31030023BECB /* TransactionItem.swift */ = {isa = PBXFileReference; lastKnownFileType = sourcecode.swift; path = TransactionItem.swift; sourceTree = "<group>"; };
		E2376380289B4CD60023BECB /* Date+Ext.swift */ = {isa = PBXFileReference; lastKnownFileType = sourcecode.swift; path = "Date+Ext.swift"; sourceTree = "<group>"; };
		E25FBDDE289AE77F00EDFA39 /* Constants.swift */ = {isa = PBXFileReference; lastKnownFileType = sourcecode.swift; path = Constants.swift; sourceTree = "<group>"; };
		E2D0253A289C5BE800EDC1C7 /* AddTransactionFormView.swift */ = {isa = PBXFileReference; lastKnownFileType = sourcecode.swift; path = AddTransactionFormView.swift; sourceTree = "<group>"; };
		E2D0253C289C5CBE00EDC1C7 /* AddTransactionViewModel.swift */ = {isa = PBXFileReference; lastKnownFileType = sourcecode.swift; path = AddTransactionViewModel.swift; sourceTree = "<group>"; };
		E2D0253E289C868E00EDC1C7 /* Colors+Ext.swift */ = {isa = PBXFileReference; lastKnownFileType = sourcecode.swift; path = "Colors+Ext.swift"; sourceTree = "<group>"; };
		E2E43F5C289AD74F00E4B37D /* NumberFormatter+Ext.swift */ = {isa = PBXFileReference; lastKnownFileType = sourcecode.swift; path = "NumberFormatter+Ext.swift"; sourceTree = "<group>"; };
/* End PBXFileReference section */

/* Begin PBXFrameworksBuildPhase section */
		E2299C2A2899C3D90024E5FD /* Frameworks */ = {
			isa = PBXFrameworksBuildPhase;
			buildActionMask = 2147483647;
			files = (
			);
			runOnlyForDeploymentPostprocessing = 0;
		};
/* End PBXFrameworksBuildPhase section */

/* Begin PBXGroup section */
		E2299C242899C3D90024E5FD = {
			isa = PBXGroup;
			children = (
				E2299C2F2899C3D90024E5FD /* Momo */,
				E2299C2E2899C3D90024E5FD /* Products */,
			);
			sourceTree = "<group>";
		};
		E2299C2E2899C3D90024E5FD /* Products */ = {
			isa = PBXGroup;
			children = (
				E2299C2D2899C3D90024E5FD /* Momo.app */,
			);
			name = Products;
			sourceTree = "<group>";
		};
		E2299C2F2899C3D90024E5FD /* Momo */ = {
			isa = PBXGroup;
			children = (
				E2299C4F2899D63D0024E5FD /* Utils */,
				E2299C4E2899D6300024E5FD /* Extension */,
				E2299C432899C46B0024E5FD /* Model */,
				E2299C442899C4700024E5FD /* View */,
				E2299C452899C4730024E5FD /* ViewModel */,
				E2299C302899C3D90024E5FD /* MomoApp.swift */,
				E2299C342899C3DA0024E5FD /* Assets.xcassets */,
				E2299C3B2899C3DA0024E5FD /* Momo.xcdatamodeld */,
				E2299C362899C3DA0024E5FD /* Preview Content */,
			);
			path = Momo;
			sourceTree = "<group>";
		};
		E2299C362899C3DA0024E5FD /* Preview Content */ = {
			isa = PBXGroup;
			children = (
				E2299C372899C3DA0024E5FD /* Preview Assets.xcassets */,
			);
			path = "Preview Content";
			sourceTree = "<group>";
		};
		E2299C432899C46B0024E5FD /* Model */ = {
			isa = PBXGroup;
			children = (
				E2299C392899C3DA0024E5FD /* Persistence.swift */,
				E237637E289B31030023BECB /* TransactionItem.swift */,
			);
			path = Model;
			sourceTree = "<group>";
		};
		E2299C442899C4700024E5FD /* View */ = {
			isa = PBXGroup;
			children = (
				E2299C322899C3D90024E5FD /* EntryView.swift */,
				E2299C462899C5FF0024E5FD /* HomeView.swift */,
				E2299C482899C62E0024E5FD /* StatisticView.swift */,
				E2299C4A2899C6490024E5FD /* WalletView.swift */,
				E2299C4C2899C6520024E5FD /* ProfileView.swift */,
				E2D0253A289C5BE800EDC1C7 /* AddTransactionFormView.swift */,
			);
			path = View;
			sourceTree = "<group>";
		};
		E2299C452899C4730024E5FD /* ViewModel */ = {
			isa = PBXGroup;
			children = (
				E2D0253C289C5CBE00EDC1C7 /* AddTransactionViewModel.swift */,
			);
			path = ViewModel;
			sourceTree = "<group>";
		};
		E2299C4E2899D6300024E5FD /* Extension */ = {
			isa = PBXGroup;
			children = (
				E2E43F5C289AD74F00E4B37D /* NumberFormatter+Ext.swift */,
				E2376380289B4CD60023BECB /* Date+Ext.swift */,
				E2D0253E289C868E00EDC1C7 /* Colors+Ext.swift */,
			);
			path = Extension;
			sourceTree = "<group>";
		};
		E2299C4F2899D63D0024E5FD /* Utils */ = {
			isa = PBXGroup;
			children = (
				E2299C502899D6940024E5FD /* UIHelper.swift */,
				E25FBDDE289AE77F00EDFA39 /* Constants.swift */,
			);
			path = Utils;
			sourceTree = "<group>";
		};
/* End PBXGroup section */

/* Begin PBXNativeTarget section */
		E2299C2C2899C3D90024E5FD /* Momo */ = {
			isa = PBXNativeTarget;
			buildConfigurationList = E2299C402899C3DA0024E5FD /* Build configuration list for PBXNativeTarget "Momo" */;
			buildPhases = (
				E2299C292899C3D90024E5FD /* Sources */,
				E2299C2A2899C3D90024E5FD /* Frameworks */,
				E2299C2B2899C3D90024E5FD /* Resources */,
			);
			buildRules = (
			);
			dependencies = (
			);
			name = Momo;
			productName = Momo;
			productReference = E2299C2D2899C3D90024E5FD /* Momo.app */;
			productType = "com.apple.product-type.application";
		};
/* End PBXNativeTarget section */

/* Begin PBXProject section */
		E2299C252899C3D90024E5FD /* Project object */ = {
			isa = PBXProject;
			attributes = {
				BuildIndependentTargetsInParallel = 1;
				LastSwiftUpdateCheck = 1340;
				LastUpgradeCheck = 1340;
				TargetAttributes = {
					E2299C2C2899C3D90024E5FD = {
						CreatedOnToolsVersion = 13.4.1;
					};
				};
			};
			buildConfigurationList = E2299C282899C3D90024E5FD /* Build configuration list for PBXProject "Momo" */;
			compatibilityVersion = "Xcode 13.0";
			developmentRegion = en;
			hasScannedForEncodings = 0;
			knownRegions = (
				en,
				Base,
			);
			mainGroup = E2299C242899C3D90024E5FD;
			productRefGroup = E2299C2E2899C3D90024E5FD /* Products */;
			projectDirPath = "";
			projectRoot = "";
			targets = (
				E2299C2C2899C3D90024E5FD /* Momo */,
			);
		};
/* End PBXProject section */

/* Begin PBXResourcesBuildPhase section */
		E2299C2B2899C3D90024E5FD /* Resources */ = {
			isa = PBXResourcesBuildPhase;
			buildActionMask = 2147483647;
			files = (
				E2299C382899C3DA0024E5FD /* Preview Assets.xcassets in Resources */,
				E2299C352899C3DA0024E5FD /* Assets.xcassets in Resources */,
			);
			runOnlyForDeploymentPostprocessing = 0;
		};
/* End PBXResourcesBuildPhase section */

/* Begin PBXSourcesBuildPhase section */
		E2299C292899C3D90024E5FD /* Sources */ = {
			isa = PBXSourcesBuildPhase;
			buildActionMask = 2147483647;
			files = (
				E2299C4D2899C6520024E5FD /* ProfileView.swift in Sources */,
				E25FBDDF289AE77F00EDFA39 /* Constants.swift in Sources */,
				E2376381289B4CD60023BECB /* Date+Ext.swift in Sources */,
				E2E43F5D289AD74F00E4B37D /* NumberFormatter+Ext.swift in Sources */,
				E237637F289B31030023BECB /* TransactionItem.swift in Sources */,
				E2299C3A2899C3DA0024E5FD /* Persistence.swift in Sources */,
				E2299C492899C62E0024E5FD /* StatisticView.swift in Sources */,
				E2299C3D2899C3DA0024E5FD /* Momo.xcdatamodeld in Sources */,
				E2299C4B2899C6490024E5FD /* WalletView.swift in Sources */,
				E2D0253F289C868E00EDC1C7 /* Colors+Ext.swift in Sources */,
				E2299C512899D6940024E5FD /* UIHelper.swift in Sources */,
				E2299C332899C3D90024E5FD /* EntryView.swift in Sources */,
				E2299C472899C5FF0024E5FD /* HomeView.swift in Sources */,
				E2299C312899C3D90024E5FD /* MomoApp.swift in Sources */,
				E2D0253D289C5CBE00EDC1C7 /* AddTransactionViewModel.swift in Sources */,
				E2D0253B289C5BE800EDC1C7 /* AddTransactionFormView.swift in Sources */,
			);
			runOnlyForDeploymentPostprocessing = 0;
		};
/* End PBXSourcesBuildPhase section */

/* Begin XCBuildConfiguration section */
		E2299C3E2899C3DA0024E5FD /* Debug */ = {
			isa = XCBuildConfiguration;
			buildSettings = {
				ALWAYS_SEARCH_USER_PATHS = NO;
				CLANG_ANALYZER_NONNULL = YES;
				CLANG_ANALYZER_NUMBER_OBJECT_CONVERSION = YES_AGGRESSIVE;
				CLANG_CXX_LANGUAGE_STANDARD = "gnu++17";
				CLANG_ENABLE_MODULES = YES;
				CLANG_ENABLE_OBJC_ARC = YES;
				CLANG_ENABLE_OBJC_WEAK = YES;
				CLANG_WARN_BLOCK_CAPTURE_AUTORELEASING = YES;
				CLANG_WARN_BOOL_CONVERSION = YES;
				CLANG_WARN_COMMA = YES;
				CLANG_WARN_CONSTANT_CONVERSION = YES;
				CLANG_WARN_DEPRECATED_OBJC_IMPLEMENTATIONS = YES;
				CLANG_WARN_DIRECT_OBJC_ISA_USAGE = YES_ERROR;
				CLANG_WARN_DOCUMENTATION_COMMENTS = YES;
				CLANG_WARN_EMPTY_BODY = YES;
				CLANG_WARN_ENUM_CONVERSION = YES;
				CLANG_WARN_INFINITE_RECURSION = YES;
				CLANG_WARN_INT_CONVERSION = YES;
				CLANG_WARN_NON_LITERAL_NULL_CONVERSION = YES;
				CLANG_WARN_OBJC_IMPLICIT_RETAIN_SELF = YES;
				CLANG_WARN_OBJC_LITERAL_CONVERSION = YES;
				CLANG_WARN_OBJC_ROOT_CLASS = YES_ERROR;
				CLANG_WARN_QUOTED_INCLUDE_IN_FRAMEWORK_HEADER = YES;
				CLANG_WARN_RANGE_LOOP_ANALYSIS = YES;
				CLANG_WARN_STRICT_PROTOTYPES = YES;
				CLANG_WARN_SUSPICIOUS_MOVE = YES;
				CLANG_WARN_UNGUARDED_AVAILABILITY = YES_AGGRESSIVE;
				CLANG_WARN_UNREACHABLE_CODE = YES;
				CLANG_WARN__DUPLICATE_METHOD_MATCH = YES;
				COPY_PHASE_STRIP = NO;
				DEBUG_INFORMATION_FORMAT = dwarf;
				ENABLE_STRICT_OBJC_MSGSEND = YES;
				ENABLE_TESTABILITY = YES;
				GCC_C_LANGUAGE_STANDARD = gnu11;
				GCC_DYNAMIC_NO_PIC = NO;
				GCC_NO_COMMON_BLOCKS = YES;
				GCC_OPTIMIZATION_LEVEL = 0;
				GCC_PREPROCESSOR_DEFINITIONS = (
					"DEBUG=1",
					"$(inherited)",
				);
				GCC_WARN_64_TO_32_BIT_CONVERSION = YES;
				GCC_WARN_ABOUT_RETURN_TYPE = YES_ERROR;
				GCC_WARN_UNDECLARED_SELECTOR = YES;
				GCC_WARN_UNINITIALIZED_AUTOS = YES_AGGRESSIVE;
				GCC_WARN_UNUSED_FUNCTION = YES;
				GCC_WARN_UNUSED_VARIABLE = YES;
				IPHONEOS_DEPLOYMENT_TARGET = 15.5;
				MTL_ENABLE_DEBUG_INFO = INCLUDE_SOURCE;
				MTL_FAST_MATH = YES;
				ONLY_ACTIVE_ARCH = YES;
				SDKROOT = iphoneos;
				SWIFT_ACTIVE_COMPILATION_CONDITIONS = DEBUG;
				SWIFT_OPTIMIZATION_LEVEL = "-Onone";
			};
			name = Debug;
		};
		E2299C3F2899C3DA0024E5FD /* Release */ = {
			isa = XCBuildConfiguration;
			buildSettings = {
				ALWAYS_SEARCH_USER_PATHS = NO;
				CLANG_ANALYZER_NONNULL = YES;
				CLANG_ANALYZER_NUMBER_OBJECT_CONVERSION = YES_AGGRESSIVE;
				CLANG_CXX_LANGUAGE_STANDARD = "gnu++17";
				CLANG_ENABLE_MODULES = YES;
				CLANG_ENABLE_OBJC_ARC = YES;
				CLANG_ENABLE_OBJC_WEAK = YES;
				CLANG_WARN_BLOCK_CAPTURE_AUTORELEASING = YES;
				CLANG_WARN_BOOL_CONVERSION = YES;
				CLANG_WARN_COMMA = YES;
				CLANG_WARN_CONSTANT_CONVERSION = YES;
				CLANG_WARN_DEPRECATED_OBJC_IMPLEMENTATIONS = YES;
				CLANG_WARN_DIRECT_OBJC_ISA_USAGE = YES_ERROR;
				CLANG_WARN_DOCUMENTATION_COMMENTS = YES;
				CLANG_WARN_EMPTY_BODY = YES;
				CLANG_WARN_ENUM_CONVERSION = YES;
				CLANG_WARN_INFINITE_RECURSION = YES;
				CLANG_WARN_INT_CONVERSION = YES;
				CLANG_WARN_NON_LITERAL_NULL_CONVERSION = YES;
				CLANG_WARN_OBJC_IMPLICIT_RETAIN_SELF = YES;
				CLANG_WARN_OBJC_LITERAL_CONVERSION = YES;
				CLANG_WARN_OBJC_ROOT_CLASS = YES_ERROR;
				CLANG_WARN_QUOTED_INCLUDE_IN_FRAMEWORK_HEADER = YES;
				CLANG_WARN_RANGE_LOOP_ANALYSIS = YES;
				CLANG_WARN_STRICT_PROTOTYPES = YES;
				CLANG_WARN_SUSPICIOUS_MOVE = YES;
				CLANG_WARN_UNGUARDED_AVAILABILITY = YES_AGGRESSIVE;
				CLANG_WARN_UNREACHABLE_CODE = YES;
				CLANG_WARN__DUPLICATE_METHOD_MATCH = YES;
				COPY_PHASE_STRIP = NO;
				DEBUG_INFORMATION_FORMAT = "dwarf-with-dsym";
				ENABLE_NS_ASSERTIONS = NO;
				ENABLE_STRICT_OBJC_MSGSEND = YES;
				GCC_C_LANGUAGE_STANDARD = gnu11;
				GCC_NO_COMMON_BLOCKS = YES;
				GCC_WARN_64_TO_32_BIT_CONVERSION = YES;
				GCC_WARN_ABOUT_RETURN_TYPE = YES_ERROR;
				GCC_WARN_UNDECLARED_SELECTOR = YES;
				GCC_WARN_UNINITIALIZED_AUTOS = YES_AGGRESSIVE;
				GCC_WARN_UNUSED_FUNCTION = YES;
				GCC_WARN_UNUSED_VARIABLE = YES;
				IPHONEOS_DEPLOYMENT_TARGET = 15.5;
				MTL_ENABLE_DEBUG_INFO = NO;
				MTL_FAST_MATH = YES;
				SDKROOT = iphoneos;
				SWIFT_COMPILATION_MODE = wholemodule;
				SWIFT_OPTIMIZATION_LEVEL = "-O";
				VALIDATE_PRODUCT = YES;
			};
			name = Release;
		};
		E2299C412899C3DA0024E5FD /* Debug */ = {
			isa = XCBuildConfiguration;
			buildSettings = {
				ASSETCATALOG_COMPILER_APPICON_NAME = AppIcon;
				ASSETCATALOG_COMPILER_GLOBAL_ACCENT_COLOR_NAME = AccentColor;
				CODE_SIGN_STYLE = Automatic;
				CURRENT_PROJECT_VERSION = 1;
				DEVELOPMENT_ASSET_PATHS = "\"Momo/Preview Content\"";
				DEVELOPMENT_TEAM = K9L457R99N;
				ENABLE_PREVIEWS = YES;
				GENERATE_INFOPLIST_FILE = YES;
				INFOPLIST_KEY_UIApplicationSceneManifest_Generation = YES;
				INFOPLIST_KEY_UIApplicationSupportsIndirectInputEvents = YES;
				INFOPLIST_KEY_UILaunchScreen_Generation = YES;
				INFOPLIST_KEY_UISupportedInterfaceOrientations_iPad = "UIInterfaceOrientationPortrait UIInterfaceOrientationPortraitUpsideDown UIInterfaceOrientationLandscapeLeft UIInterfaceOrientationLandscapeRight";
				INFOPLIST_KEY_UISupportedInterfaceOrientations_iPhone = "UIInterfaceOrientationPortrait UIInterfaceOrientationLandscapeLeft UIInterfaceOrientationLandscapeRight";
				LD_RUNPATH_SEARCH_PATHS = (
					"$(inherited)",
					"@executable_path/Frameworks",
				);
				MARKETING_VERSION = 1.0;
				PRODUCT_BUNDLE_IDENTIFIER = com.Tsenguun.Momo;
				PRODUCT_NAME = "$(TARGET_NAME)";
				SWIFT_EMIT_LOC_STRINGS = YES;
				SWIFT_VERSION = 5.0;
				TARGETED_DEVICE_FAMILY = "1,2";
			};
			name = Debug;
		};
		E2299C422899C3DA0024E5FD /* Release */ = {
			isa = XCBuildConfiguration;
			buildSettings = {
				ASSETCATALOG_COMPILER_APPICON_NAME = AppIcon;
				ASSETCATALOG_COMPILER_GLOBAL_ACCENT_COLOR_NAME = AccentColor;
				CODE_SIGN_STYLE = Automatic;
				CURRENT_PROJECT_VERSION = 1;
				DEVELOPMENT_ASSET_PATHS = "\"Momo/Preview Content\"";
				DEVELOPMENT_TEAM = K9L457R99N;
				ENABLE_PREVIEWS = YES;
				GENERATE_INFOPLIST_FILE = YES;
				INFOPLIST_KEY_UIApplicationSceneManifest_Generation = YES;
				INFOPLIST_KEY_UIApplicationSupportsIndirectInputEvents = YES;
				INFOPLIST_KEY_UILaunchScreen_Generation = YES;
				INFOPLIST_KEY_UISupportedInterfaceOrientations_iPad = "UIInterfaceOrientationPortrait UIInterfaceOrientationPortraitUpsideDown UIInterfaceOrientationLandscapeLeft UIInterfaceOrientationLandscapeRight";
				INFOPLIST_KEY_UISupportedInterfaceOrientations_iPhone = "UIInterfaceOrientationPortrait UIInterfaceOrientationLandscapeLeft UIInterfaceOrientationLandscapeRight";
				LD_RUNPATH_SEARCH_PATHS = (
					"$(inherited)",
					"@executable_path/Frameworks",
				);
				MARKETING_VERSION = 1.0;
				PRODUCT_BUNDLE_IDENTIFIER = com.Tsenguun.Momo;
				PRODUCT_NAME = "$(TARGET_NAME)";
				SWIFT_EMIT_LOC_STRINGS = YES;
				SWIFT_VERSION = 5.0;
				TARGETED_DEVICE_FAMILY = "1,2";
			};
			name = Release;
		};
/* End XCBuildConfiguration section */

/* Begin XCConfigurationList section */
		E2299C282899C3D90024E5FD /* Build configuration list for PBXProject "Momo" */ = {
			isa = XCConfigurationList;
			buildConfigurations = (
				E2299C3E2899C3DA0024E5FD /* Debug */,
				E2299C3F2899C3DA0024E5FD /* Release */,
			);
			defaultConfigurationIsVisible = 0;
			defaultConfigurationName = Release;
		};
		E2299C402899C3DA0024E5FD /* Build configuration list for PBXNativeTarget "Momo" */ = {
			isa = XCConfigurationList;
			buildConfigurations = (
				E2299C412899C3DA0024E5FD /* Debug */,
				E2299C422899C3DA0024E5FD /* Release */,
			);
			defaultConfigurationIsVisible = 0;
			defaultConfigurationName = Release;
		};
/* End XCConfigurationList section */

/* Begin XCVersionGroup section */
		E2299C3B2899C3DA0024E5FD /* Momo.xcdatamodeld */ = {
			isa = XCVersionGroup;
			children = (
				E2299C3C2899C3DA0024E5FD /* Momo.xcdatamodel */,
			);
			currentVersion = E2299C3C2899C3DA0024E5FD /* Momo.xcdatamodel */;
			path = Momo.xcdatamodeld;
			sourceTree = "<group>";
			versionGroupType = wrapper.xcdatamodel;
		};
/* End XCVersionGroup section */
	};
	rootObject = E2299C252899C3D90024E5FD /* Project object */;
}
